
Microsoft Visual Studio Solution File, Format Version 12.00
# Visual Studio Version 17
VisualStudioVersion = 17.4.33103.184
MinimumVisualStudioVersion = 10.0.40219.1
Project("{FAE04EC0-301F-11D3-BF4B-00C04F79EFBC}") = "KurumsalWeb", "KurumsalWeb.csproj", "{84BD5A0A-6703-4DAB-8BB2-366F614B2FEF}"
EndProject
Global
	GlobalSection(SolutionConfigurationPlatforms) = preSolution
		Debug|Any CPU = Debug|Any CPU
		Release|Any CPU = Release|Any CPU
	EndGlobalSection
	GlobalSection(ProjectConfigurationPlatforms) = postSolution
		{84BD5A0A-6703-4DAB-8BB2-366F614B2FEF}.Debug|Any CPU.ActiveCfg = Debug|Any CPU
		{84BD5A0A-6703-4DAB-8BB2-366F614B2FEF}.Debug|Any CPU.Build.0 = Debug|Any CPU
		{84BD5A0A-6703-4DAB-8BB2-366F614B2FEF}.Release|Any CPU.ActiveCfg = Release|Any CPU
		{84BD5A0A-6703-4DAB-8BB2-366F614B2FEF}.Release|Any CPU.Build.0 = Release|Any CPU
	EndGlobalSection
	GlobalSection(SolutionProperties) = preSolution
		HideSolutionNode = FALSE
	EndGlobalSection
	GlobalSection(ExtensibilityGlobals) = postSolution
		SolutionGuid = {7377F007-3BDC-49A0-BF45-230DCF18A98B}
	EndGlobalSection
EndGlobal
